// !$*UTF8*$!
{
	archiveVersion = 1;
	classes = {
	};
	objectVersion = 50;
	objects = {

/* Begin PBXBuildFile section */
		D74E4AA4262F6249001111DD /* ProfileApp.swift in Sources */ = {isa = PBXBuildFile; fileRef = D74E4AA3262F6249001111DD /* ProfileApp.swift */; };
		D74E4AA6262F6249001111DD /* ContentView.swift in Sources */ = {isa = PBXBuildFile; fileRef = D74E4AA5262F6249001111DD /* ContentView.swift */; };
		D74E4AA8262F6257001111DD /* Assets.xcassets in Resources */ = {isa = PBXBuildFile; fileRef = D74E4AA7262F6257001111DD /* Assets.xcassets */; };
		D74E4AAB262F6257001111DD /* Preview Assets.xcassets in Resources */ = {isa = PBXBuildFile; fileRef = D74E4AAA262F6257001111DD /* Preview Assets.xcassets */; };
		D74E4AB6262F6257001111DD /* ProfileTests.swift in Sources */ = {isa = PBXBuildFile; fileRef = D74E4AB5262F6257001111DD /* ProfileTests.swift */; };
		D74E4AC1262F6257001111DD /* ProfileUITests.swift in Sources */ = {isa = PBXBuildFile; fileRef = D74E4AC0262F6257001111DD /* ProfileUITests.swift */; };
		D74E4AD3262F62FE001111DD /* ProfileScreen.swift in Sources */ = {isa = PBXBuildFile; fileRef = D74E4AD2262F62FE001111DD /* ProfileScreen.swift */; };
		D74E4ADC262F64BE001111DD /* ProfileModel.swift in Sources */ = {isa = PBXBuildFile; fileRef = D74E4ADB262F64BE001111DD /* ProfileModel.swift */; };
		D74E4AE8262F6CEA001111DD /* UserService.swift in Sources */ = {isa = PBXBuildFile; fileRef = D74E4AE7262F6CEA001111DD /* UserService.swift */; };
/* End PBXBuildFile section */

/* Begin PBXContainerItemProxy section */
		D74E4AB2262F6257001111DD /* PBXContainerItemProxy */ = {
			isa = PBXContainerItemProxy;
			containerPortal = D74E4A98262F6249001111DD /* Project object */;
			proxyType = 1;
			remoteGlobalIDString = D74E4A9F262F6249001111DD;
			remoteInfo = Profile;
		};
		D74E4ABD262F6257001111DD /* PBXContainerItemProxy */ = {
			isa = PBXContainerItemProxy;
			containerPortal = D74E4A98262F6249001111DD /* Project object */;
			proxyType = 1;
			remoteGlobalIDString = D74E4A9F262F6249001111DD;
			remoteInfo = Profile;
		};
/* End PBXContainerItemProxy section */

/* Begin PBXFileReference section */
		D74E4AA0262F6249001111DD /* Profile.app */ = {isa = PBXFileReference; explicitFileType = wrapper.application; includeInIndex = 0; path = Profile.app; sourceTree = BUILT_PRODUCTS_DIR; };
		D74E4AA3262F6249001111DD /* ProfileApp.swift */ = {isa = PBXFileReference; lastKnownFileType = sourcecode.swift; path = ProfileApp.swift; sourceTree = "<group>"; };
		D74E4AA5262F6249001111DD /* ContentView.swift */ = {isa = PBXFileReference; lastKnownFileType = sourcecode.swift; path = ContentView.swift; sourceTree = "<group>"; };
		D74E4AA7262F6257001111DD /* Assets.xcassets */ = {isa = PBXFileReference; lastKnownFileType = folder.assetcatalog; path = Assets.xcassets; sourceTree = "<group>"; };
		D74E4AAA262F6257001111DD /* Preview Assets.xcassets */ = {isa = PBXFileReference; lastKnownFileType = folder.assetcatalog; path = "Preview Assets.xcassets"; sourceTree = "<group>"; };
		D74E4AAC262F6257001111DD /* Info.plist */ = {isa = PBXFileReference; lastKnownFileType = text.plist.xml; path = Info.plist; sourceTree = "<group>"; };
		D74E4AB1262F6257001111DD /* ProfileTests.xctest */ = {isa = PBXFileReference; explicitFileType = wrapper.cfbundle; includeInIndex = 0; path = ProfileTests.xctest; sourceTree = BUILT_PRODUCTS_DIR; };
		D74E4AB5262F6257001111DD /* ProfileTests.swift */ = {isa = PBXFileReference; lastKnownFileType = sourcecode.swift; path = ProfileTests.swift; sourceTree = "<group>"; };
		D74E4AB7262F6257001111DD /* Info.plist */ = {isa = PBXFileReference; lastKnownFileType = text.plist.xml; path = Info.plist; sourceTree = "<group>"; };
		D74E4ABC262F6257001111DD /* ProfileUITests.xctest */ = {isa = PBXFileReference; explicitFileType = wrapper.cfbundle; includeInIndex = 0; path = ProfileUITests.xctest; sourceTree = BUILT_PRODUCTS_DIR; };
		D74E4AC0262F6257001111DD /* ProfileUITests.swift */ = {isa = PBXFileReference; lastKnownFileType = sourcecode.swift; path = ProfileUITests.swift; sourceTree = "<group>"; };
		D74E4AC2262F6257001111DD /* Info.plist */ = {isa = PBXFileReference; lastKnownFileType = text.plist.xml; path = Info.plist; sourceTree = "<group>"; };
		D74E4AD2262F62FE001111DD /* ProfileScreen.swift */ = {isa = PBXFileReference; lastKnownFileType = sourcecode.swift; path = ProfileScreen.swift; sourceTree = "<group>"; };
		D74E4ADB262F64BE001111DD /* ProfileModel.swift */ = {isa = PBXFileReference; lastKnownFileType = sourcecode.swift; path = ProfileModel.swift; sourceTree = "<group>"; };
		D74E4AE7262F6CEA001111DD /* UserService.swift */ = {isa = PBXFileReference; lastKnownFileType = sourcecode.swift; path = UserService.swift; sourceTree = "<group>"; };
/* End PBXFileReference section */

/* Begin PBXFrameworksBuildPhase section */
		D74E4A9D262F6249001111DD /* Frameworks */ = {
			isa = PBXFrameworksBuildPhase;
			buildActionMask = 2147483647;
			files = (
			);
			runOnlyForDeploymentPostprocessing = 0;
		};
		D74E4AAE262F6257001111DD /* Frameworks */ = {
			isa = PBXFrameworksBuildPhase;
			buildActionMask = 2147483647;
			files = (
			);
			runOnlyForDeploymentPostprocessing = 0;
		};
		D74E4AB9262F6257001111DD /* Frameworks */ = {
			isa = PBXFrameworksBuildPhase;
			buildActionMask = 2147483647;
			files = (
			);
			runOnlyForDeploymentPostprocessing = 0;
		};
/* End PBXFrameworksBuildPhase section */

/* Begin PBXGroup section */
		D74E4A97262F6249001111DD = {
			isa = PBXGroup;
			children = (
				D74E4AE6262F6CC1001111DD /* Services */,
				D74E4ADA262F6496001111DD /* Model */,
				D74E4AD1262F62E9001111DD /* Screens */,
				D74E4AA2262F6249001111DD /* Profile */,
				D74E4AB4262F6257001111DD /* ProfileTests */,
				D74E4ABF262F6257001111DD /* ProfileUITests */,
				D74E4AA1262F6249001111DD /* Products */,
			);
			sourceTree = "<group>";
		};
		D74E4AA1262F6249001111DD /* Products */ = {
			isa = PBXGroup;
			children = (
				D74E4AA0262F6249001111DD /* Profile.app */,
				D74E4AB1262F6257001111DD /* ProfileTests.xctest */,
				D74E4ABC262F6257001111DD /* ProfileUITests.xctest */,
			);
			name = Products;
			sourceTree = "<group>";
		};
		D74E4AA2262F6249001111DD /* Profile */ = {
			isa = PBXGroup;
			children = (
				D74E4AA3262F6249001111DD /* ProfileApp.swift */,
				D74E4AA5262F6249001111DD /* ContentView.swift */,
				D74E4AA7262F6257001111DD /* Assets.xcassets */,
				D74E4AAC262F6257001111DD /* Info.plist */,
				D74E4AA9262F6257001111DD /* Preview Content */,
			);
			path = Profile;
			sourceTree = "<group>";
		};
		D74E4AA9262F6257001111DD /* Preview Content */ = {
			isa = PBXGroup;
			children = (
				D74E4AAA262F6257001111DD /* Preview Assets.xcassets */,
			);
			path = "Preview Content";
			sourceTree = "<group>";
		};
		D74E4AB4262F6257001111DD /* ProfileTests */ = {
			isa = PBXGroup;
			children = (
				D74E4AB5262F6257001111DD /* ProfileTests.swift */,
				D74E4AB7262F6257001111DD /* Info.plist */,
			);
			path = ProfileTests;
			sourceTree = "<group>";
		};
		D74E4ABF262F6257001111DD /* ProfileUITests */ = {
			isa = PBXGroup;
			children = (
				D74E4AC0262F6257001111DD /* ProfileUITests.swift */,
				D74E4AC2262F6257001111DD /* Info.plist */,
			);
			path = ProfileUITests;
			sourceTree = "<group>";
		};
		D74E4AD1262F62E9001111DD /* Screens */ = {
			isa = PBXGroup;
			children = (
				D74E4AD2262F62FE001111DD /* ProfileScreen.swift */,
			);
			path = Screens;
			sourceTree = "<group>";
		};
		D74E4ADA262F6496001111DD /* Model */ = {
			isa = PBXGroup;
			children = (
				D74E4ADB262F64BE001111DD /* ProfileModel.swift */,
			);
			path = Model;
			sourceTree = "<group>";
		};
		D74E4AE6262F6CC1001111DD /* Services */ = {
			isa = PBXGroup;
			children = (
				D74E4AE7262F6CEA001111DD /* UserService.swift */,
			);
			path = Services;
			sourceTree = "<group>";
		};
/* End PBXGroup section */

/* Begin PBXNativeTarget section */
		D74E4A9F262F6249001111DD /* Profile */ = {
			isa = PBXNativeTarget;
			buildConfigurationList = D74E4AC5262F6257001111DD /* Build configuration list for PBXNativeTarget "Profile" */;
			buildPhases = (
				D74E4A9C262F6249001111DD /* Sources */,
				D74E4A9D262F6249001111DD /* Frameworks */,
				D74E4A9E262F6249001111DD /* Resources */,
			);
			buildRules = (
			);
			dependencies = (
			);
			name = Profile;
			productName = Profile;
			productReference = D74E4AA0262F6249001111DD /* Profile.app */;
			productType = "com.apple.product-type.application";
		};
		D74E4AB0262F6257001111DD /* ProfileTests */ = {
			isa = PBXNativeTarget;
			buildConfigurationList = D74E4AC8262F6257001111DD /* Build configuration list for PBXNativeTarget "ProfileTests" */;
			buildPhases = (
				D74E4AAD262F6257001111DD /* Sources */,
				D74E4AAE262F6257001111DD /* Frameworks */,
				D74E4AAF262F6257001111DD /* Resources */,
			);
			buildRules = (
			);
			dependencies = (
				D74E4AB3262F6257001111DD /* PBXTargetDependency */,
			);
			name = ProfileTests;
			productName = ProfileTests;
			productReference = D74E4AB1262F6257001111DD /* ProfileTests.xctest */;
			productType = "com.apple.product-type.bundle.unit-test";
		};
		D74E4ABB262F6257001111DD /* ProfileUITests */ = {
			isa = PBXNativeTarget;
			buildConfigurationList = D74E4ACB262F6257001111DD /* Build configuration list for PBXNativeTarget "ProfileUITests" */;
			buildPhases = (
				D74E4AB8262F6257001111DD /* Sources */,
				D74E4AB9262F6257001111DD /* Frameworks */,
				D74E4ABA262F6257001111DD /* Resources */,
			);
			buildRules = (
			);
			dependencies = (
				D74E4ABE262F6257001111DD /* PBXTargetDependency */,
			);
			name = ProfileUITests;
			productName = ProfileUITests;
			productReference = D74E4ABC262F6257001111DD /* ProfileUITests.xctest */;
			productType = "com.apple.product-type.bundle.ui-testing";
		};
/* End PBXNativeTarget section */

/* Begin PBXProject section */
		D74E4A98262F6249001111DD /* Project object */ = {
			isa = PBXProject;
			attributes = {
				LastSwiftUpdateCheck = 1240;
				LastUpgradeCheck = 1240;
				TargetAttributes = {
					D74E4A9F262F6249001111DD = {
						CreatedOnToolsVersion = 12.4;
					};
					D74E4AB0262F6257001111DD = {
						CreatedOnToolsVersion = 12.4;
						TestTargetID = D74E4A9F262F6249001111DD;
					};
					D74E4ABB262F6257001111DD = {
						CreatedOnToolsVersion = 12.4;
						TestTargetID = D74E4A9F262F6249001111DD;
					};
				};
			};
			buildConfigurationList = D74E4A9B262F6249001111DD /* Build configuration list for PBXProject "Profile" */;
			compatibilityVersion = "Xcode 9.3";
			developmentRegion = en;
			hasScannedForEncodings = 0;
			knownRegions = (
				en,
				Base,
			);
			mainGroup = D74E4A97262F6249001111DD;
			productRefGroup = D74E4AA1262F6249001111DD /* Products */;
			projectDirPath = "";
			projectRoot = "";
			targets = (
				D74E4A9F262F6249001111DD /* Profile */,
				D74E4AB0262F6257001111DD /* ProfileTests */,
				D74E4ABB262F6257001111DD /* ProfileUITests */,
			);
		};
/* End PBXProject section */

/* Begin PBXResourcesBuildPhase section */
		D74E4A9E262F6249001111DD /* Resources */ = {
			isa = PBXResourcesBuildPhase;
			buildActionMask = 2147483647;
			files = (
				D74E4AAB262F6257001111DD /* Preview Assets.xcassets in Resources */,
				D74E4AA8262F6257001111DD /* Assets.xcassets in Resources */,
			);
			runOnlyForDeploymentPostprocessing = 0;
		};
		D74E4AAF262F6257001111DD /* Resources */ = {
			isa = PBXResourcesBuildPhase;
			buildActionMask = 2147483647;
			files = (
			);
			runOnlyForDeploymentPostprocessing = 0;
		};
		D74E4ABA262F6257001111DD /* Resources */ = {
			isa = PBXResourcesBuildPhase;
			buildActionMask = 2147483647;
			files = (
			);
			runOnlyForDeploymentPostprocessing = 0;
		};
/* End PBXResourcesBuildPhase section */

/* Begin PBXSourcesBuildPhase section */
		D74E4A9C262F6249001111DD /* Sources */ = {
			isa = PBXSourcesBuildPhase;
			buildActionMask = 2147483647;
			files = (
				D74E4AA6262F6249001111DD /* ContentView.swift in Sources */,
				D74E4AE8262F6CEA001111DD /* UserService.swift in Sources */,
				D74E4ADC262F64BE001111DD /* ProfileModel.swift in Sources */,
				D74E4AD3262F62FE001111DD /* ProfileScreen.swift in Sources */,
				D74E4AA4262F6249001111DD /* ProfileApp.swift in Sources */,
			);
			runOnlyForDeploymentPostprocessing = 0;
		};
		D74E4AAD262F6257001111DD /* Sources */ = {
			isa = PBXSourcesBuildPhase;
			buildActionMask = 2147483647;
			files = (
				D74E4AB6262F6257001111DD /* ProfileTests.swift in Sources */,
			);
			runOnlyForDeploymentPostprocessing = 0;
		};
		D74E4AB8262F6257001111DD /* Sources */ = {
			isa = PBXSourcesBuildPhase;
			buildActionMask = 2147483647;
			files = (
				D74E4AC1262F6257001111DD /* ProfileUITests.swift in Sources */,
			);
			runOnlyForDeploymentPostprocessing = 0;
		};
/* End PBXSourcesBuildPhase section */

/* Begin PBXTargetDependency section */
		D74E4AB3262F6257001111DD /* PBXTargetDependency */ = {
			isa = PBXTargetDependency;
			target = D74E4A9F262F6249001111DD /* Profile */;
			targetProxy = D74E4AB2262F6257001111DD /* PBXContainerItemProxy */;
		};
		D74E4ABE262F6257001111DD /* PBXTargetDependency */ = {
			isa = PBXTargetDependency;
			target = D74E4A9F262F6249001111DD /* Profile */;
			targetProxy = D74E4ABD262F6257001111DD /* PBXContainerItemProxy */;
		};
/* End PBXTargetDependency section */

/* Begin XCBuildConfiguration section */
		D74E4AC3262F6257001111DD /* Debug */ = {
			isa = XCBuildConfiguration;
			buildSettings = {
				ALWAYS_SEARCH_USER_PATHS = NO;
				CLANG_ANALYZER_NONNULL = YES;
				CLANG_ANALYZER_NUMBER_OBJECT_CONVERSION = YES_AGGRESSIVE;
				CLANG_CXX_LANGUAGE_STANDARD = "gnu++14";
				CLANG_CXX_LIBRARY = "libc++";
				CLANG_ENABLE_MODULES = YES;
				CLANG_ENABLE_OBJC_ARC = YES;
				CLANG_ENABLE_OBJC_WEAK = YES;
				CLANG_WARN_BLOCK_CAPTURE_AUTORELEASING = YES;
				CLANG_WARN_BOOL_CONVERSION = YES;
				CLANG_WARN_COMMA = YES;
				CLANG_WARN_CONSTANT_CONVERSION = YES;
				CLANG_WARN_DEPRECATED_OBJC_IMPLEMENTATIONS = YES;
				CLANG_WARN_DIRECT_OBJC_ISA_USAGE = YES_ERROR;
				CLANG_WARN_DOCUMENTATION_COMMENTS = YES;
				CLANG_WARN_EMPTY_BODY = YES;
				CLANG_WARN_ENUM_CONVERSION = YES;
				CLANG_WARN_INFINITE_RECURSION = YES;
				CLANG_WARN_INT_CONVERSION = YES;
				CLANG_WARN_NON_LITERAL_NULL_CONVERSION = YES;
				CLANG_WARN_OBJC_IMPLICIT_RETAIN_SELF = YES;
				CLANG_WARN_OBJC_LITERAL_CONVERSION = YES;
				CLANG_WARN_OBJC_ROOT_CLASS = YES_ERROR;
				CLANG_WARN_QUOTED_INCLUDE_IN_FRAMEWORK_HEADER = YES;
				CLANG_WARN_RANGE_LOOP_ANALYSIS = YES;
				CLANG_WARN_STRICT_PROTOTYPES = YES;
				CLANG_WARN_SUSPICIOUS_MOVE = YES;
				CLANG_WARN_UNGUARDED_AVAILABILITY = YES_AGGRESSIVE;
				CLANG_WARN_UNREACHABLE_CODE = YES;
				CLANG_WARN__DUPLICATE_METHOD_MATCH = YES;
				COPY_PHASE_STRIP = NO;
				DEBUG_INFORMATION_FORMAT = dwarf;
				ENABLE_STRICT_OBJC_MSGSEND = YES;
				ENABLE_TESTABILITY = YES;
				GCC_C_LANGUAGE_STANDARD = gnu11;
				GCC_DYNAMIC_NO_PIC = NO;
				GCC_NO_COMMON_BLOCKS = YES;
				GCC_OPTIMIZATION_LEVEL = 0;
				GCC_PREPROCESSOR_DEFINITIONS = (
					"DEBUG=1",
					"$(inherited)",
				);
				GCC_WARN_64_TO_32_BIT_CONVERSION = YES;
				GCC_WARN_ABOUT_RETURN_TYPE = YES_ERROR;
				GCC_WARN_UNDECLARED_SELECTOR = YES;
				GCC_WARN_UNINITIALIZED_AUTOS = YES_AGGRESSIVE;
				GCC_WARN_UNUSED_FUNCTION = YES;
				GCC_WARN_UNUSED_VARIABLE = YES;
				IPHONEOS_DEPLOYMENT_TARGET = 14.4;
				MTL_ENABLE_DEBUG_INFO = INCLUDE_SOURCE;
				MTL_FAST_MATH = YES;
				ONLY_ACTIVE_ARCH = YES;
				SDKROOT = iphoneos;
				SWIFT_ACTIVE_COMPILATION_CONDITIONS = DEBUG;
				SWIFT_OPTIMIZATION_LEVEL = "-Onone";
			};
			name = Debug;
		};
		D74E4AC4262F6257001111DD /* Release */ = {
			isa = XCBuildConfiguration;
			buildSettings = {
				ALWAYS_SEARCH_USER_PATHS = NO;
				CLANG_ANALYZER_NONNULL = YES;
				CLANG_ANALYZER_NUMBER_OBJECT_CONVERSION = YES_AGGRESSIVE;
				CLANG_CXX_LANGUAGE_STANDARD = "gnu++14";
				CLANG_CXX_LIBRARY = "libc++";
				CLANG_ENABLE_MODULES = YES;
				CLANG_ENABLE_OBJC_ARC = YES;
				CLANG_ENABLE_OBJC_WEAK = YES;
				CLANG_WARN_BLOCK_CAPTURE_AUTORELEASING = YES;
				CLANG_WARN_BOOL_CONVERSION = YES;
				CLANG_WARN_COMMA = YES;
				CLANG_WARN_CONSTANT_CONVERSION = YES;
				CLANG_WARN_DEPRECATED_OBJC_IMPLEMENTATIONS = YES;
				CLANG_WARN_DIRECT_OBJC_ISA_USAGE = YES_ERROR;
				CLANG_WARN_DOCUMENTATION_COMMENTS = YES;
				CLANG_WARN_EMPTY_BODY = YES;
				CLANG_WARN_ENUM_CONVERSION = YES;
				CLANG_WARN_INFINITE_RECURSION = YES;
				CLANG_WARN_INT_CONVERSION = YES;
				CLANG_WARN_NON_LITERAL_NULL_CONVERSION = YES;
				CLANG_WARN_OBJC_IMPLICIT_RETAIN_SELF = YES;
				CLANG_WARN_OBJC_LITERAL_CONVERSION = YES;
				CLANG_WARN_OBJC_ROOT_CLASS = YES_ERROR;
				CLANG_WARN_QUOTED_INCLUDE_IN_FRAMEWORK_HEADER = YES;
				CLANG_WARN_RANGE_LOOP_ANALYSIS = YES;
				CLANG_WARN_STRICT_PROTOTYPES = YES;
				CLANG_WARN_SUSPICIOUS_MOVE = YES;
				CLANG_WARN_UNGUARDED_AVAILABILITY = YES_AGGRESSIVE;
				CLANG_WARN_UNREACHABLE_CODE = YES;
				CLANG_WARN__DUPLICATE_METHOD_MATCH = YES;
				COPY_PHASE_STRIP = NO;
				DEBUG_INFORMATION_FORMAT = "dwarf-with-dsym";
				ENABLE_NS_ASSERTIONS = NO;
				ENABLE_STRICT_OBJC_MSGSEND = YES;
				GCC_C_LANGUAGE_STANDARD = gnu11;
				GCC_NO_COMMON_BLOCKS = YES;
				GCC_WARN_64_TO_32_BIT_CONVERSION = YES;
				GCC_WARN_ABOUT_RETURN_TYPE = YES_ERROR;
				GCC_WARN_UNDECLARED_SELECTOR = YES;
				GCC_WARN_UNINITIALIZED_AUTOS = YES_AGGRESSIVE;
				GCC_WARN_UNUSED_FUNCTION = YES;
				GCC_WARN_UNUSED_VARIABLE = YES;
				IPHONEOS_DEPLOYMENT_TARGET = 14.4;
				MTL_ENABLE_DEBUG_INFO = NO;
				MTL_FAST_MATH = YES;
				SDKROOT = iphoneos;
				SWIFT_COMPILATION_MODE = wholemodule;
				SWIFT_OPTIMIZATION_LEVEL = "-O";
				VALIDATE_PRODUCT = YES;
			};
			name = Release;
		};
		D74E4AC6262F6257001111DD /* Debug */ = {
			isa = XCBuildConfiguration;
			buildSettings = {
				ASSETCATALOG_COMPILER_APPICON_NAME = AppIcon;
				ASSETCATALOG_COMPILER_GLOBAL_ACCENT_COLOR_NAME = AccentColor;
				CODE_SIGN_STYLE = Automatic;
				DEVELOPMENT_ASSET_PATHS = "\"Profile/Preview Content\"";
				DEVELOPMENT_TEAM = 5G8Y79X7ML;
				ENABLE_PREVIEWS = YES;
				INFOPLIST_FILE = Profile/Info.plist;
				IPHONEOS_DEPLOYMENT_TARGET = 14.0;
				LD_RUNPATH_SEARCH_PATHS = (
					"$(inherited)",
					"@executable_path/Frameworks",
				);
				PRODUCT_BUNDLE_IDENTIFIER = com.desiree.jallow.Profile;
				PRODUCT_NAME = "$(TARGET_NAME)";
				SWIFT_VERSION = 5.0;
				TARGETED_DEVICE_FAMILY = "1,2";
			};
			name = Debug;
		};
		D74E4AC7262F6257001111DD /* Release */ = {
			isa = XCBuildConfiguration;
			buildSettings = {
				ASSETCATALOG_COMPILER_APPICON_NAME = AppIcon;
				ASSETCATALOG_COMPILER_GLOBAL_ACCENT_COLOR_NAME = AccentColor;
				CODE_SIGN_STYLE = Automatic;
				DEVELOPMENT_ASSET_PATHS = "\"Profile/Preview Content\"";
				DEVELOPMENT_TEAM = 5G8Y79X7ML;
				ENABLE_PREVIEWS = YES;
				INFOPLIST_FILE = Profile/Info.plist;
				IPHONEOS_DEPLOYMENT_TARGET = 14.0;
				LD_RUNPATH_SEARCH_PATHS = (
					"$(inherited)",
					"@executable_path/Frameworks",
				);
				PRODUCT_BUNDLE_IDENTIFIER = com.desiree.jallow.Profile;
				PRODUCT_NAME = "$(TARGET_NAME)";
				SWIFT_VERSION = 5.0;
				TARGETED_DEVICE_FAMILY = "1,2";
			};
			name = Release;
		};
		D74E4AC9262F6257001111DD /* Debug */ = {
			isa = XCBuildConfiguration;
			buildSettings = {
				ALWAYS_EMBED_SWIFT_STANDARD_LIBRARIES = YES;
				BUNDLE_LOADER = "$(TEST_HOST)";
				CODE_SIGN_STYLE = Automatic;
				DEVELOPMENT_TEAM = 5G8Y79X7ML;
				INFOPLIST_FILE = ProfileTests/Info.plist;
				IPHONEOS_DEPLOYMENT_TARGET = 14.0;
				LD_RUNPATH_SEARCH_PATHS = (
					"$(inherited)",
					"@executable_path/Frameworks",
					"@loader_path/Frameworks",
				);
				PRODUCT_BUNDLE_IDENTIFIER = com.desiree.jallow.ProfileTests;
				PRODUCT_NAME = "$(TARGET_NAME)";
				SWIFT_VERSION = 5.0;
				TARGETED_DEVICE_FAMILY = "1,2";
				TEST_HOST = "$(BUILT_PRODUCTS_DIR)/Profile.app/Profile";
			};
			name = Debug;
		};
		D74E4ACA262F6257001111DD /* Release */ = {
			isa = XCBuildConfiguration;
			buildSettings = {
				ALWAYS_EMBED_SWIFT_STANDARD_LIBRARIES = YES;
				BUNDLE_LOADER = "$(TEST_HOST)";
				CODE_SIGN_STYLE = Automatic;
				DEVELOPMENT_TEAM = 5G8Y79X7ML;
				INFOPLIST_FILE = ProfileTests/Info.plist;
				IPHONEOS_DEPLOYMENT_TARGET = 14.0;
				LD_RUNPATH_SEARCH_PATHS = (
					"$(inherited)",
					"@executable_path/Frameworks",
					"@loader_path/Frameworks",
				);
				PRODUCT_BUNDLE_IDENTIFIER = com.desiree.jallow.ProfileTests;
				PRODUCT_NAME = "$(TARGET_NAME)";
				SWIFT_VERSION = 5.0;
				TARGETED_DEVICE_FAMILY = "1,2";
				TEST_HOST = "$(BUILT_PRODUCTS_DIR)/Profile.app/Profile";
			};
			name = Release;
		};
		D74E4ACC262F6257001111DD /* Debug */ = {
			isa = XCBuildConfiguration;
			buildSettings = {
				ALWAYS_EMBED_SWIFT_STANDARD_LIBRARIES = YES;
				CODE_SIGN_STYLE = Automatic;
				DEVELOPMENT_TEAM = 5G8Y79X7ML;
				INFOPLIST_FILE = ProfileUITests/Info.plist;
				LD_RUNPATH_SEARCH_PATHS = (
					"$(inherited)",
					"@executable_path/Frameworks",
					"@loader_path/Frameworks",
				);
				PRODUCT_BUNDLE_IDENTIFIER = com.desiree.jallow.ProfileUITests;
				PRODUCT_NAME = "$(TARGET_NAME)";
				SWIFT_VERSION = 5.0;
				TARGETED_DEVICE_FAMILY = "1,2";
				TEST_TARGET_NAME = Profile;
			};
			name = Debug;
		};
		D74E4ACD262F6257001111DD /* Release */ = {
			isa = XCBuildConfiguration;
			buildSettings = {
				ALWAYS_EMBED_SWIFT_STANDARD_LIBRARIES = YES;
				CODE_SIGN_STYLE = Automatic;
				DEVELOPMENT_TEAM = 5G8Y79X7ML;
				INFOPLIST_FILE = ProfileUITests/Info.plist;
				LD_RUNPATH_SEARCH_PATHS = (
					"$(inherited)",
					"@executable_path/Frameworks",
					"@loader_path/Frameworks",
				);
				PRODUCT_BUNDLE_IDENTIFIER = com.desiree.jallow.ProfileUITests;
				PRODUCT_NAME = "$(TARGET_NAME)";
				SWIFT_VERSION = 5.0;
				TARGETED_DEVICE_FAMILY = "1,2";
				TEST_TARGET_NAME = Profile;
			};
			name = Release;
		};
/* End XCBuildConfiguration section */

/* Begin XCConfigurationList section */
		D74E4A9B262F6249001111DD /* Build configuration list for PBXProject "Profile" */ = {
			isa = XCConfigurationList;
			buildConfigurations = (
				D74E4AC3262F6257001111DD /* Debug */,
				D74E4AC4262F6257001111DD /* Release */,
			);
			defaultConfigurationIsVisible = 0;
			defaultConfigurationName = Release;
		};
		D74E4AC5262F6257001111DD /* Build configuration list for PBXNativeTarget "Profile" */ = {
			isa = XCConfigurationList;
			buildConfigurations = (
				D74E4AC6262F6257001111DD /* Debug */,
				D74E4AC7262F6257001111DD /* Release */,
			);
			defaultConfigurationIsVisible = 0;
			defaultConfigurationName = Release;
		};
		D74E4AC8262F6257001111DD /* Build configuration list for PBXNativeTarget "ProfileTests" */ = {
			isa = XCConfigurationList;
			buildConfigurations = (
				D74E4AC9262F6257001111DD /* Debug */,
				D74E4ACA262F6257001111DD /* Release */,
			);
			defaultConfigurationIsVisible = 0;
			defaultConfigurationName = Release;
		};
		D74E4ACB262F6257001111DD /* Build configuration list for PBXNativeTarget "ProfileUITests" */ = {
			isa = XCConfigurationList;
			buildConfigurations = (
				D74E4ACC262F6257001111DD /* Debug */,
				D74E4ACD262F6257001111DD /* Release */,
			);
			defaultConfigurationIsVisible = 0;
			defaultConfigurationName = Release;
		};
/* End XCConfigurationList section */
	};
	rootObject = D74E4A98262F6249001111DD /* Project object */;
}
